
Microsoft Visual Studio Solution File, Format Version 12.00
# Visual Studio Version 17
VisualStudioVersion = 17.7.34031.279
MinimumVisualStudioVersion = 10.0.40219.1
Project("{FAE04EC0-301F-11D3-BF4B-00C04F79EFBC}") = "TrabajoPractico3", "TrabajoPractico3\TrabajoPractico3.csproj", "{671EF6FB-5F77-4296-A3CA-A7EDE7820DDD}"
EndProject
Global
	GlobalSection(SolutionConfigurationPlatforms) = preSolution
		Debug|Any CPU = Debug|Any CPU
		Release|Any CPU = Release|Any CPU
	EndGlobalSection
	GlobalSection(ProjectConfigurationPlatforms) = postSolution
		{671EF6FB-5F77-4296-A3CA-A7EDE7820DDD}.Debug|Any CPU.ActiveCfg = Debug|Any CPU
		{671EF6FB-5F77-4296-A3CA-A7EDE7820DDD}.Debug|Any CPU.Build.0 = Debug|Any CPU
		{671EF6FB-5F77-4296-A3CA-A7EDE7820DDD}.Release|Any CPU.ActiveCfg = Release|Any CPU
		{671EF6FB-5F77-4296-A3CA-A7EDE7820DDD}.Release|Any CPU.Build.0 = Release|Any CPU
	EndGlobalSection
	GlobalSection(SolutionProperties) = preSolution
		HideSolutionNode = FALSE
	EndGlobalSection
	GlobalSection(ExtensibilityGlobals) = postSolution
		SolutionGuid = {35A6AC35-724F-4BC5-BC2D-EFE2FA4C95FC}
	EndGlobalSection
EndGlobal
